
Microsoft Visual Studio Solution File, Format Version 12.00
# Visual Studio Version 17
VisualStudioVersion = 17.0.31903.59
MinimumVisualStudioVersion = 10.0.40219.1
Project("{FAE04EC0-301F-11D3-BF4B-00C04F79EFBC}") = "HangManUI", "HangManUI\HangManUI.csproj", "{16B53641-F95A-41AA-B8D3-D5194D1EBEFD}"
EndProject
Project("{FAE04EC0-301F-11D3-BF4B-00C04F79EFBC}") = "HangmanData", "HangmanData\HangmanData.csproj", "{6143413A-6F7F-437B-A497-930D475007D1}"
EndProject
Project("{FAE04EC0-301F-11D3-BF4B-00C04F79EFBC}") = "HangmanRepo", "HangmanRepo\HangmanRepo.csproj", "{65734347-0B65-43E3-8EAD-B95898519B33}"
EndProject
Global
	GlobalSection(SolutionConfigurationPlatforms) = preSolution
		Debug|Any CPU = Debug|Any CPU
		Release|Any CPU = Release|Any CPU
	EndGlobalSection
	GlobalSection(SolutionProperties) = preSolution
		HideSolutionNode = FALSE
	EndGlobalSection
	GlobalSection(ProjectConfigurationPlatforms) = postSolution
		{16B53641-F95A-41AA-B8D3-D5194D1EBEFD}.Debug|Any CPU.ActiveCfg = Debug|Any CPU
		{16B53641-F95A-41AA-B8D3-D5194D1EBEFD}.Debug|Any CPU.Build.0 = Debug|Any CPU
		{16B53641-F95A-41AA-B8D3-D5194D1EBEFD}.Release|Any CPU.ActiveCfg = Release|Any CPU
		{16B53641-F95A-41AA-B8D3-D5194D1EBEFD}.Release|Any CPU.Build.0 = Release|Any CPU
		{6143413A-6F7F-437B-A497-930D475007D1}.Debug|Any CPU.ActiveCfg = Debug|Any CPU
		{6143413A-6F7F-437B-A497-930D475007D1}.Debug|Any CPU.Build.0 = Debug|Any CPU
		{6143413A-6F7F-437B-A497-930D475007D1}.Release|Any CPU.ActiveCfg = Release|Any CPU
		{6143413A-6F7F-437B-A497-930D475007D1}.Release|Any CPU.Build.0 = Release|Any CPU
		{65734347-0B65-43E3-8EAD-B95898519B33}.Debug|Any CPU.ActiveCfg = Debug|Any CPU
		{65734347-0B65-43E3-8EAD-B95898519B33}.Debug|Any CPU.Build.0 = Debug|Any CPU
		{65734347-0B65-43E3-8EAD-B95898519B33}.Release|Any CPU.ActiveCfg = Release|Any CPU
		{65734347-0B65-43E3-8EAD-B95898519B33}.Release|Any CPU.Build.0 = Release|Any CPU
	EndGlobalSection
EndGlobal
